<Solution>
  <Folder Name="/Solution Items/">
    <File Path="compose.yaml" />
  </Folder>
  <Project Path="SOAP.WebService.API/SOAP.WebService.API.csproj" />
  <Project Path="SOAP.WebService.Core/SOAP.WebService.Core.csproj" />
  <Project Path="SOAP.WebService.Infrastructure/SOAP.WebService.Infrastructure.csproj" />
</Solution>
